// !$*UTF8*$!
{
	archiveVersion = 1;
	classes = {
	};
	objectVersion = 50;
	objects = {

/* Begin PBXBuildFile section */
		387D50BCE392C7CECA1C3953 /* Pods_Whats_Next.framework in Frameworks */ = {isa = PBXBuildFile; fileRef = F4994B45413B9CF436E0B9CC /* Pods_Whats_Next.framework */; };
		CAB1DC382217DB11009DF1F3 /* AppDelegate.swift in Sources */ = {isa = PBXBuildFile; fileRef = CAB1DC372217DB11009DF1F3 /* AppDelegate.swift */; };
		CAB1DC3A2217DB11009DF1F3 /* ToDoMasterViewController.swift in Sources */ = {isa = PBXBuildFile; fileRef = CAB1DC392217DB11009DF1F3 /* ToDoMasterViewController.swift */; };
		CAB1DC3D2217DB11009DF1F3 /* Main.storyboard in Resources */ = {isa = PBXBuildFile; fileRef = CAB1DC3B2217DB11009DF1F3 /* Main.storyboard */; };
		CAB1DC3F2217DB13009DF1F3 /* Assets.xcassets in Resources */ = {isa = PBXBuildFile; fileRef = CAB1DC3E2217DB13009DF1F3 /* Assets.xcassets */; };
		CAB1DC422217DB13009DF1F3 /* LaunchScreen.storyboard in Resources */ = {isa = PBXBuildFile; fileRef = CAB1DC402217DB13009DF1F3 /* LaunchScreen.storyboard */; };
		CACC8E35221B36E100142FC8 /* SwipeTableViewController.swift in Sources */ = {isa = PBXBuildFile; fileRef = CACC8E34221B36E100142FC8 /* SwipeTableViewController.swift */; };
		CACFEFA72219544100A0B36D /* CategoryTableViewController.swift in Sources */ = {isa = PBXBuildFile; fileRef = CACFEFA62219544100A0B36D /* CategoryTableViewController.swift */; };
		CAFCA07F221A9B4300316BE4 /* Item.swift in Sources */ = {isa = PBXBuildFile; fileRef = CAFCA07E221A9B4300316BE4 /* Item.swift */; };
		CAFCA081221A9B5400316BE4 /* categoryItem.swift in Sources */ = {isa = PBXBuildFile; fileRef = CAFCA080221A9B5400316BE4 /* categoryItem.swift */; };
/* End PBXBuildFile section */

/* Begin PBXFileReference section */
		958D704916FA6D1CD05D04C8 /* Pods-Whats Next.debug.xcconfig */ = {isa = PBXFileReference; includeInIndex = 1; lastKnownFileType = text.xcconfig; name = "Pods-Whats Next.debug.xcconfig"; path = "Target Support Files/Pods-Whats Next/Pods-Whats Next.debug.xcconfig"; sourceTree = "<group>"; };
		B935409B7B444100E912DCAE /* Pods-Whats Next.release.xcconfig */ = {isa = PBXFileReference; includeInIndex = 1; lastKnownFileType = text.xcconfig; name = "Pods-Whats Next.release.xcconfig"; path = "Target Support Files/Pods-Whats Next/Pods-Whats Next.release.xcconfig"; sourceTree = "<group>"; };
		CAADD539221989AF00A21045 /* SwiftyPlayground.playground */ = {isa = PBXFileReference; lastKnownFileType = file.playground; path = SwiftyPlayground.playground; sourceTree = "<group>"; xcLanguageSpecificationIdentifier = xcode.lang.swift; };
		CAB1DC342217DB11009DF1F3 /* Whats Next.app */ = {isa = PBXFileReference; explicitFileType = wrapper.application; includeInIndex = 0; path = "Whats Next.app"; sourceTree = BUILT_PRODUCTS_DIR; };
		CAB1DC372217DB11009DF1F3 /* AppDelegate.swift */ = {isa = PBXFileReference; lastKnownFileType = sourcecode.swift; path = AppDelegate.swift; sourceTree = "<group>"; };
		CAB1DC392217DB11009DF1F3 /* ToDoMasterViewController.swift */ = {isa = PBXFileReference; lastKnownFileType = sourcecode.swift; path = ToDoMasterViewController.swift; sourceTree = "<group>"; };
		CAB1DC3C2217DB11009DF1F3 /* Base */ = {isa = PBXFileReference; lastKnownFileType = file.storyboard; name = Base; path = Base.lproj/Main.storyboard; sourceTree = "<group>"; };
		CAB1DC3E2217DB13009DF1F3 /* Assets.xcassets */ = {isa = PBXFileReference; lastKnownFileType = folder.assetcatalog; path = Assets.xcassets; sourceTree = "<group>"; };
		CAB1DC412217DB13009DF1F3 /* Base */ = {isa = PBXFileReference; lastKnownFileType = file.storyboard; name = Base; path = Base.lproj/LaunchScreen.storyboard; sourceTree = "<group>"; };
		CAB1DC432217DB13009DF1F3 /* Info.plist */ = {isa = PBXFileReference; lastKnownFileType = text.plist.xml; path = Info.plist; sourceTree = "<group>"; };
		CACC8E34221B36E100142FC8 /* SwipeTableViewController.swift */ = {isa = PBXFileReference; lastKnownFileType = sourcecode.swift; path = SwipeTableViewController.swift; sourceTree = "<group>"; };
		CACFEFA62219544100A0B36D /* CategoryTableViewController.swift */ = {isa = PBXFileReference; lastKnownFileType = sourcecode.swift; path = CategoryTableViewController.swift; sourceTree = "<group>"; };
		CAFCA07E221A9B4300316BE4 /* Item.swift */ = {isa = PBXFileReference; lastKnownFileType = sourcecode.swift; path = Item.swift; sourceTree = "<group>"; };
		CAFCA080221A9B5400316BE4 /* categoryItem.swift */ = {isa = PBXFileReference; lastKnownFileType = sourcecode.swift; path = categoryItem.swift; sourceTree = "<group>"; };
		F4994B45413B9CF436E0B9CC /* Pods_Whats_Next.framework */ = {isa = PBXFileReference; explicitFileType = wrapper.framework; includeInIndex = 0; path = Pods_Whats_Next.framework; sourceTree = BUILT_PRODUCTS_DIR; };
/* End PBXFileReference section */

/* Begin PBXFrameworksBuildPhase section */
		CAB1DC312217DB11009DF1F3 /* Frameworks */ = {
			isa = PBXFrameworksBuildPhase;
			buildActionMask = 2147483647;
			files = (
				387D50BCE392C7CECA1C3953 /* Pods_Whats_Next.framework in Frameworks */,
			);
			runOnlyForDeploymentPostprocessing = 0;
		};
/* End PBXFrameworksBuildPhase section */

/* Begin PBXGroup section */
		0EB1E821D089BD9B0E6A3EC0 /* Frameworks */ = {
			isa = PBXGroup;
			children = (
				F4994B45413B9CF436E0B9CC /* Pods_Whats_Next.framework */,
			);
			name = Frameworks;
			sourceTree = "<group>";
		};
		CA2903BC221874340029F51A /* Supporting Files */ = {
			isa = PBXGroup;
			children = (
				CAB1DC3E2217DB13009DF1F3 /* Assets.xcassets */,
				CAB1DC402217DB13009DF1F3 /* LaunchScreen.storyboard */,
			);
			path = "Supporting Files";
			sourceTree = "<group>";
		};
		CA2903BD221874440029F51A /* View */ = {
			isa = PBXGroup;
			children = (
				CAB1DC3B2217DB11009DF1F3 /* Main.storyboard */,
			);
			path = View;
			sourceTree = "<group>";
		};
		CA2903BE2218744D0029F51A /* Controlller */ = {
			isa = PBXGroup;
			children = (
				CACFEFA62219544100A0B36D /* CategoryTableViewController.swift */,
				CAB1DC372217DB11009DF1F3 /* AppDelegate.swift */,
				CAB1DC392217DB11009DF1F3 /* ToDoMasterViewController.swift */,
				CACC8E34221B36E100142FC8 /* SwipeTableViewController.swift */,
			);
			path = Controlller;
			sourceTree = "<group>";
		};
		CAB1DC2B2217DB11009DF1F3 = {
			isa = PBXGroup;
			children = (
				CAADD539221989AF00A21045 /* SwiftyPlayground.playground */,
				CAB1DC362217DB11009DF1F3 /* Whats Next */,
				CAB1DC352217DB11009DF1F3 /* Products */,
				E1AA0B62919C5DC38DD434FD /* Pods */,
				0EB1E821D089BD9B0E6A3EC0 /* Frameworks */,
			);
			sourceTree = "<group>";
		};
		CAB1DC352217DB11009DF1F3 /* Products */ = {
			isa = PBXGroup;
			children = (
				CAB1DC342217DB11009DF1F3 /* Whats Next.app */,
			);
			name = Products;
			sourceTree = "<group>";
		};
		CAB1DC362217DB11009DF1F3 /* Whats Next */ = {
			isa = PBXGroup;
			children = (
				CAB1DC432217DB13009DF1F3 /* Info.plist */,
				CA2903BE2218744D0029F51A /* Controlller */,
				CA2903BD221874440029F51A /* View */,
				CA2903BC221874340029F51A /* Supporting Files */,
				CAB1DC4B22181671009DF1F3 /* Models */,
			);
			path = "Whats Next";
			sourceTree = "<group>";
		};
		CAB1DC4B22181671009DF1F3 /* Models */ = {
			isa = PBXGroup;
			children = (
				CAFCA07E221A9B4300316BE4 /* Item.swift */,
				CAFCA080221A9B5400316BE4 /* categoryItem.swift */,
			);
			path = Models;
			sourceTree = "<group>";
		};
		E1AA0B62919C5DC38DD434FD /* Pods */ = {
			isa = PBXGroup;
			children = (
				958D704916FA6D1CD05D04C8 /* Pods-Whats Next.debug.xcconfig */,
				B935409B7B444100E912DCAE /* Pods-Whats Next.release.xcconfig */,
			);
			path = Pods;
			sourceTree = "<group>";
		};
/* End PBXGroup section */

/* Begin PBXNativeTarget section */
		CAB1DC332217DB11009DF1F3 /* Whats Next */ = {
			isa = PBXNativeTarget;
			buildConfigurationList = CAB1DC462217DB13009DF1F3 /* Build configuration list for PBXNativeTarget "Whats Next" */;
			buildPhases = (
				987B61E7997CA32749E4EEAF /* [CP] Check Pods Manifest.lock */,
				CAB1DC302217DB11009DF1F3 /* Sources */,
				CAB1DC312217DB11009DF1F3 /* Frameworks */,
				CAB1DC322217DB11009DF1F3 /* Resources */,
				D6749D56DA389EED8567E1C1 /* [CP] Embed Pods Frameworks */,
			);
			buildRules = (
			);
			dependencies = (
			);
			name = "Whats Next";
			productName = "Whats Next";
			productReference = CAB1DC342217DB11009DF1F3 /* Whats Next.app */;
			productType = "com.apple.product-type.application";
		};
/* End PBXNativeTarget section */

/* Begin PBXProject section */
		CAB1DC2C2217DB11009DF1F3 /* Project object */ = {
			isa = PBXProject;
			attributes = {
				LastSwiftUpdateCheck = 1010;
				LastUpgradeCheck = 1010;
				ORGANIZATIONNAME = "Shashwat ";
				TargetAttributes = {
					CAB1DC332217DB11009DF1F3 = {
						CreatedOnToolsVersion = 10.1;
					};
				};
			};
			buildConfigurationList = CAB1DC2F2217DB11009DF1F3 /* Build configuration list for PBXProject "Whats Next" */;
			compatibilityVersion = "Xcode 9.3";
			developmentRegion = en;
			hasScannedForEncodings = 0;
			knownRegions = (
				en,
				Base,
			);
			mainGroup = CAB1DC2B2217DB11009DF1F3;
			productRefGroup = CAB1DC352217DB11009DF1F3 /* Products */;
			projectDirPath = "";
			projectRoot = "";
			targets = (
				CAB1DC332217DB11009DF1F3 /* Whats Next */,
			);
		};
/* End PBXProject section */

/* Begin PBXResourcesBuildPhase section */
		CAB1DC322217DB11009DF1F3 /* Resources */ = {
			isa = PBXResourcesBuildPhase;
			buildActionMask = 2147483647;
			files = (
				CAB1DC422217DB13009DF1F3 /* LaunchScreen.storyboard in Resources */,
				CAB1DC3F2217DB13009DF1F3 /* Assets.xcassets in Resources */,
				CAB1DC3D2217DB11009DF1F3 /* Main.storyboard in Resources */,
			);
			runOnlyForDeploymentPostprocessing = 0;
		};
/* End PBXResourcesBuildPhase section */

/* Begin PBXShellScriptBuildPhase section */
		987B61E7997CA32749E4EEAF /* [CP] Check Pods Manifest.lock */ = {
			isa = PBXShellScriptBuildPhase;
			buildActionMask = 2147483647;
			files = (
			);
			inputFileListPaths = (
			);
			inputPaths = (
				"${PODS_PODFILE_DIR_PATH}/Podfile.lock",
				"${PODS_ROOT}/Manifest.lock",
			);
			name = "[CP] Check Pods Manifest.lock";
			outputFileListPaths = (
			);
			outputPaths = (
				"$(DERIVED_FILE_DIR)/Pods-Whats Next-checkManifestLockResult.txt",
			);
			runOnlyForDeploymentPostprocessing = 0;
			shellPath = /bin/sh;
			shellScript = "diff \"${PODS_PODFILE_DIR_PATH}/Podfile.lock\" \"${PODS_ROOT}/Manifest.lock\" > /dev/null\nif [ $? != 0 ] ; then\n    # print error to STDERR\n    echo \"error: The sandbox is not in sync with the Podfile.lock. Run 'pod install' or update your CocoaPods installation.\" >&2\n    exit 1\nfi\n# This output is used by Xcode 'outputs' to avoid re-running this script phase.\necho \"SUCCESS\" > \"${SCRIPT_OUTPUT_FILE_0}\"\n";
			showEnvVarsInLog = 0;
		};
		D6749D56DA389EED8567E1C1 /* [CP] Embed Pods Frameworks */ = {
			isa = PBXShellScriptBuildPhase;
			buildActionMask = 2147483647;
			files = (
			);
			inputFileListPaths = (
			);
			inputPaths = (
				"${PODS_ROOT}/Target Support Files/Pods-Whats Next/Pods-Whats Next-frameworks.sh",
				"${BUILT_PRODUCTS_DIR}/Realm/Realm.framework",
				"${BUILT_PRODUCTS_DIR}/RealmSwift/RealmSwift.framework",
				"${BUILT_PRODUCTS_DIR}/SwipeCellKit/SwipeCellKit.framework",
			);
			name = "[CP] Embed Pods Frameworks";
			outputFileListPaths = (
			);
			outputPaths = (
				"${TARGET_BUILD_DIR}/${FRAMEWORKS_FOLDER_PATH}/Realm.framework",
				"${TARGET_BUILD_DIR}/${FRAMEWORKS_FOLDER_PATH}/RealmSwift.framework",
				"${TARGET_BUILD_DIR}/${FRAMEWORKS_FOLDER_PATH}/SwipeCellKit.framework",
			);
			runOnlyForDeploymentPostprocessing = 0;
			shellPath = /bin/sh;
			shellScript = "\"${PODS_ROOT}/Target Support Files/Pods-Whats Next/Pods-Whats Next-frameworks.sh\"\n";
			showEnvVarsInLog = 0;
		};
/* End PBXShellScriptBuildPhase section */

/* Begin PBXSourcesBuildPhase section */
		CAB1DC302217DB11009DF1F3 /* Sources */ = {
			isa = PBXSourcesBuildPhase;
			buildActionMask = 2147483647;
			files = (
				CAB1DC3A2217DB11009DF1F3 /* ToDoMasterViewController.swift in Sources */,
				CAB1DC382217DB11009DF1F3 /* AppDelegate.swift in Sources */,
				CAFCA07F221A9B4300316BE4 /* Item.swift in Sources */,
				CAFCA081221A9B5400316BE4 /* categoryItem.swift in Sources */,
				CACC8E35221B36E100142FC8 /* SwipeTableViewController.swift in Sources */,
				CACFEFA72219544100A0B36D /* CategoryTableViewController.swift in Sources */,
			);
			runOnlyForDeploymentPostprocessing = 0;
		};
/* End PBXSourcesBuildPhase section */

/* Begin PBXVariantGroup section */
		CAB1DC3B2217DB11009DF1F3 /* Main.storyboard */ = {
			isa = PBXVariantGroup;
			children = (
				CAB1DC3C2217DB11009DF1F3 /* Base */,
			);
			name = Main.storyboard;
			sourceTree = "<group>";
		};
		CAB1DC402217DB13009DF1F3 /* LaunchScreen.storyboard */ = {
			isa = PBXVariantGroup;
			children = (
				CAB1DC412217DB13009DF1F3 /* Base */,
			);
			name = LaunchScreen.storyboard;
			sourceTree = "<group>";
		};
/* End PBXVariantGroup section */

/* Begin XCBuildConfiguration section */
		CAB1DC442217DB13009DF1F3 /* Debug */ = {
			isa = XCBuildConfiguration;
			buildSettings = {
				ALWAYS_SEARCH_USER_PATHS = NO;
				CLANG_ANALYZER_NONNULL = YES;
				CLANG_ANALYZER_NUMBER_OBJECT_CONVERSION = YES_AGGRESSIVE;
				CLANG_CXX_LANGUAGE_STANDARD = "gnu++14";
				CLANG_CXX_LIBRARY = "libc++";
				CLANG_ENABLE_MODULES = YES;
				CLANG_ENABLE_OBJC_ARC = YES;
				CLANG_ENABLE_OBJC_WEAK = YES;
				CLANG_WARN_BLOCK_CAPTURE_AUTORELEASING = YES;
				CLANG_WARN_BOOL_CONVERSION = YES;
				CLANG_WARN_COMMA = YES;
				CLANG_WARN_CONSTANT_CONVERSION = YES;
				CLANG_WARN_DEPRECATED_OBJC_IMPLEMENTATIONS = YES;
				CLANG_WARN_DIRECT_OBJC_ISA_USAGE = YES_ERROR;
				CLANG_WARN_DOCUMENTATION_COMMENTS = YES;
				CLANG_WARN_EMPTY_BODY = YES;
				CLANG_WARN_ENUM_CONVERSION = YES;
				CLANG_WARN_INFINITE_RECURSION = YES;
				CLANG_WARN_INT_CONVERSION = YES;
				CLANG_WARN_NON_LITERAL_NULL_CONVERSION = YES;
				CLANG_WARN_OBJC_IMPLICIT_RETAIN_SELF = YES;
				CLANG_WARN_OBJC_LITERAL_CONVERSION = YES;
				CLANG_WARN_OBJC_ROOT_CLASS = YES_ERROR;
				CLANG_WARN_RANGE_LOOP_ANALYSIS = YES;
				CLANG_WARN_STRICT_PROTOTYPES = YES;
				CLANG_WARN_SUSPICIOUS_MOVE = YES;
				CLANG_WARN_UNGUARDED_AVAILABILITY = YES_AGGRESSIVE;
				CLANG_WARN_UNREACHABLE_CODE = YES;
				CLANG_WARN__DUPLICATE_METHOD_MATCH = YES;
				CODE_SIGN_IDENTITY = "iPhone Developer";
				COPY_PHASE_STRIP = NO;
				DEBUG_INFORMATION_FORMAT = dwarf;
				ENABLE_STRICT_OBJC_MSGSEND = YES;
				ENABLE_TESTABILITY = YES;
				GCC_C_LANGUAGE_STANDARD = gnu11;
				GCC_DYNAMIC_NO_PIC = NO;
				GCC_NO_COMMON_BLOCKS = YES;
				GCC_OPTIMIZATION_LEVEL = 0;
				GCC_PREPROCESSOR_DEFINITIONS = (
					"DEBUG=1",
					"$(inherited)",
				);
				GCC_WARN_64_TO_32_BIT_CONVERSION = YES;
				GCC_WARN_ABOUT_RETURN_TYPE = YES_ERROR;
				GCC_WARN_UNDECLARED_SELECTOR = YES;
				GCC_WARN_UNINITIALIZED_AUTOS = YES_AGGRESSIVE;
				GCC_WARN_UNUSED_FUNCTION = YES;
				GCC_WARN_UNUSED_VARIABLE = YES;
				IPHONEOS_DEPLOYMENT_TARGET = 12.1;
				MTL_ENABLE_DEBUG_INFO = INCLUDE_SOURCE;
				MTL_FAST_MATH = YES;
				ONLY_ACTIVE_ARCH = YES;
				SDKROOT = iphoneos;
				SWIFT_ACTIVE_COMPILATION_CONDITIONS = DEBUG;
				SWIFT_OPTIMIZATION_LEVEL = "-Onone";
			};
			name = Debug;
		};
		CAB1DC452217DB13009DF1F3 /* Release */ = {
			isa = XCBuildConfiguration;
			buildSettings = {
				ALWAYS_SEARCH_USER_PATHS = NO;
				CLANG_ANALYZER_NONNULL = YES;
				CLANG_ANALYZER_NUMBER_OBJECT_CONVERSION = YES_AGGRESSIVE;
				CLANG_CXX_LANGUAGE_STANDARD = "gnu++14";
				CLANG_CXX_LIBRARY = "libc++";
				CLANG_ENABLE_MODULES = YES;
				CLANG_ENABLE_OBJC_ARC = YES;
				CLANG_ENABLE_OBJC_WEAK = YES;
				CLANG_WARN_BLOCK_CAPTURE_AUTORELEASING = YES;
				CLANG_WARN_BOOL_CONVERSION = YES;
				CLANG_WARN_COMMA = YES;
				CLANG_WARN_CONSTANT_CONVERSION = YES;
				CLANG_WARN_DEPRECATED_OBJC_IMPLEMENTATIONS = YES;
				CLANG_WARN_DIRECT_OBJC_ISA_USAGE = YES_ERROR;
				CLANG_WARN_DOCUMENTATION_COMMENTS = YES;
				CLANG_WARN_EMPTY_BODY = YES;
				CLANG_WARN_ENUM_CONVERSION = YES;
				CLANG_WARN_INFINITE_RECURSION = YES;
				CLANG_WARN_INT_CONVERSION = YES;
				CLANG_WARN_NON_LITERAL_NULL_CONVERSION = YES;
				CLANG_WARN_OBJC_IMPLICIT_RETAIN_SELF = YES;
				CLANG_WARN_OBJC_LITERAL_CONVERSION = YES;
				CLANG_WARN_OBJC_ROOT_CLASS = YES_ERROR;
				CLANG_WARN_RANGE_LOOP_ANALYSIS = YES;
				CLANG_WARN_STRICT_PROTOTYPES = YES;
				CLANG_WARN_SUSPICIOUS_MOVE = YES;
				CLANG_WARN_UNGUARDED_AVAILABILITY = YES_AGGRESSIVE;
				CLANG_WARN_UNREACHABLE_CODE = YES;
				CLANG_WARN__DUPLICATE_METHOD_MATCH = YES;
				CODE_SIGN_IDENTITY = "iPhone Developer";
				COPY_PHASE_STRIP = NO;
				DEBUG_INFORMATION_FORMAT = "dwarf-with-dsym";
				ENABLE_NS_ASSERTIONS = NO;
				ENABLE_STRICT_OBJC_MSGSEND = YES;
				GCC_C_LANGUAGE_STANDARD = gnu11;
				GCC_NO_COMMON_BLOCKS = YES;
				GCC_WARN_64_TO_32_BIT_CONVERSION = YES;
				GCC_WARN_ABOUT_RETURN_TYPE = YES_ERROR;
				GCC_WARN_UNDECLARED_SELECTOR = YES;
				GCC_WARN_UNINITIALIZED_AUTOS = YES_AGGRESSIVE;
				GCC_WARN_UNUSED_FUNCTION = YES;
				GCC_WARN_UNUSED_VARIABLE = YES;
				IPHONEOS_DEPLOYMENT_TARGET = 12.1;
				MTL_ENABLE_DEBUG_INFO = NO;
				MTL_FAST_MATH = YES;
				SDKROOT = iphoneos;
				SWIFT_COMPILATION_MODE = wholemodule;
				SWIFT_OPTIMIZATION_LEVEL = "-O";
				VALIDATE_PRODUCT = YES;
			};
			name = Release;
		};
		CAB1DC472217DB13009DF1F3 /* Debug */ = {
			isa = XCBuildConfiguration;
			baseConfigurationReference = 958D704916FA6D1CD05D04C8 /* Pods-Whats Next.debug.xcconfig */;
			buildSettings = {
				ASSETCATALOG_COMPILER_APPICON_NAME = AppIcon;
				CODE_SIGN_STYLE = Automatic;
				DEVELOPMENT_TEAM = 235A2Z833B;
				INFOPLIST_FILE = "Whats Next/Info.plist";
				LD_RUNPATH_SEARCH_PATHS = (
					"$(inherited)",
					"@executable_path/Frameworks",
				);
				PRODUCT_BUNDLE_IDENTIFIER = "com.shashwat.kashyap.Whats-Next";
				PRODUCT_NAME = "$(TARGET_NAME)";
				SWIFT_VERSION = 4.2;
				TARGETED_DEVICE_FAMILY = "1,2";
			};
			name = Debug;
		};
		CAB1DC482217DB13009DF1F3 /* Release */ = {
			isa = XCBuildConfiguration;
			baseConfigurationReference = B935409B7B444100E912DCAE /* Pods-Whats Next.release.xcconfig */;
			buildSettings = {
				ASSETCATALOG_COMPILER_APPICON_NAME = AppIcon;
				CODE_SIGN_STYLE = Automatic;
				DEVELOPMENT_TEAM = 235A2Z833B;
				INFOPLIST_FILE = "Whats Next/Info.plist";
				LD_RUNPATH_SEARCH_PATHS = (
					"$(inherited)",
					"@executable_path/Frameworks",
				);
				PRODUCT_BUNDLE_IDENTIFIER = "com.shashwat.kashyap.Whats-Next";
				PRODUCT_NAME = "$(TARGET_NAME)";
				SWIFT_VERSION = 4.2;
				TARGETED_DEVICE_FAMILY = "1,2";
			};
			name = Release;
		};
/* End XCBuildConfiguration section */

/* Begin XCConfigurationList section */
		CAB1DC2F2217DB11009DF1F3 /* Build configuration list for PBXProject "Whats Next" */ = {
			isa = XCConfigurationList;
			buildConfigurations = (
				CAB1DC442217DB13009DF1F3 /* Debug */,
				CAB1DC452217DB13009DF1F3 /* Release */,
			);
			defaultConfigurationIsVisible = 0;
			defaultConfigurationName = Release;
		};
		CAB1DC462217DB13009DF1F3 /* Build configuration list for PBXNativeTarget "Whats Next" */ = {
			isa = XCConfigurationList;
			buildConfigurations = (
				CAB1DC472217DB13009DF1F3 /* Debug */,
				CAB1DC482217DB13009DF1F3 /* Release */,
			);
			defaultConfigurationIsVisible = 0;
			defaultConfigurationName = Release;
		};
/* End XCConfigurationList section */
	};
	rootObject = CAB1DC2C2217DB11009DF1F3 /* Project object */;
}
